
Microsoft Visual Studio Solution File, Format Version 12.00
# Visual Studio 14
VisualStudioVersion = 14.0.24720.0
MinimumVisualStudioVersion = 10.0.40219.1
Project("{FAE04EC0-301F-11D3-BF4B-00C04F79EFBC}") = "GeoAgenda", "GeoAgenda\GeoAgenda.csproj", "{BCF182B0-113E-4349-9112-5C5C99A1BBD4}"
EndProject
Global
	GlobalSection(SolutionConfigurationPlatforms) = preSolution
		Debug|Any CPU = Debug|Any CPU
		Release|Any CPU = Release|Any CPU
	EndGlobalSection
	GlobalSection(ProjectConfigurationPlatforms) = postSolution
		{BCF182B0-113E-4349-9112-5C5C99A1BBD4}.Debug|Any CPU.ActiveCfg = Debug|Any CPU
		{BCF182B0-113E-4349-9112-5C5C99A1BBD4}.Debug|Any CPU.Build.0 = Debug|Any CPU
		{BCF182B0-113E-4349-9112-5C5C99A1BBD4}.Release|Any CPU.ActiveCfg = Release|Any CPU
		{BCF182B0-113E-4349-9112-5C5C99A1BBD4}.Release|Any CPU.Build.0 = Release|Any CPU
	EndGlobalSection
	GlobalSection(SolutionProperties) = preSolution
		HideSolutionNode = FALSE
	EndGlobalSection
EndGlobal
